// !$*UTF8*$!
{
	archiveVersion = 1;
	classes = {
	};
	objectVersion = 55;
	objects = {

/* Begin PBXBuildFile section */
		71C301BD27ABB57D00B59E19 /* WellthySDK.docc in Sources */ = {isa = PBXBuildFile; fileRef = 71C301BC27ABB57D00B59E19 /* WellthySDK.docc */; };
		71C301C327ABB57D00B59E19 /* WellthySDK.framework in Frameworks */ = {isa = PBXBuildFile; fileRef = 71C301B827ABB57D00B59E19 /* WellthySDK.framework */; };
		71C301C827ABB57D00B59E19 /* WellthySDKTests.swift in Sources */ = {isa = PBXBuildFile; fileRef = 71C301C727ABB57D00B59E19 /* WellthySDKTests.swift */; };
		71C301C927ABB57D00B59E19 /* WellthySDK.h in Headers */ = {isa = PBXBuildFile; fileRef = 71C301BB27ABB57D00B59E19 /* WellthySDK.h */; settings = {ATTRIBUTES = (Public, ); }; };
/* End PBXBuildFile section */

/* Begin PBXContainerItemProxy section */
		71C301C427ABB57D00B59E19 /* PBXContainerItemProxy */ = {
			isa = PBXContainerItemProxy;
			containerPortal = 71C301AF27ABB57D00B59E19 /* Project object */;
			proxyType = 1;
			remoteGlobalIDString = 71C301B727ABB57D00B59E19;
			remoteInfo = WellthySDK;
		};
/* End PBXContainerItemProxy section */

/* Begin PBXFileReference section */
		71C301B827ABB57D00B59E19 /* WellthySDK.framework */ = {isa = PBXFileReference; explicitFileType = wrapper.framework; includeInIndex = 0; path = WellthySDK.framework; sourceTree = BUILT_PRODUCTS_DIR; };
		71C301BB27ABB57D00B59E19 /* WellthySDK.h */ = {isa = PBXFileReference; lastKnownFileType = sourcecode.c.h; path = WellthySDK.h; sourceTree = "<group>"; };
		71C301BC27ABB57D00B59E19 /* WellthySDK.docc */ = {isa = PBXFileReference; lastKnownFileType = folder.documentationcatalog; path = WellthySDK.docc; sourceTree = "<group>"; };
		71C301C227ABB57D00B59E19 /* WellthySDKTests.xctest */ = {isa = PBXFileReference; explicitFileType = wrapper.cfbundle; includeInIndex = 0; path = WellthySDKTests.xctest; sourceTree = BUILT_PRODUCTS_DIR; };
		71C301C727ABB57D00B59E19 /* WellthySDKTests.swift */ = {isa = PBXFileReference; lastKnownFileType = sourcecode.swift; path = WellthySDKTests.swift; sourceTree = "<group>"; };
/* End PBXFileReference section */

/* Begin PBXFrameworksBuildPhase section */
		71C301B527ABB57D00B59E19 /* Frameworks */ = {
			isa = PBXFrameworksBuildPhase;
			buildActionMask = 2147483647;
			files = (
			);
			runOnlyForDeploymentPostprocessing = 0;
		};
		71C301BF27ABB57D00B59E19 /* Frameworks */ = {
			isa = PBXFrameworksBuildPhase;
			buildActionMask = 2147483647;
			files = (
				71C301C327ABB57D00B59E19 /* WellthySDK.framework in Frameworks */,
			);
			runOnlyForDeploymentPostprocessing = 0;
		};
/* End PBXFrameworksBuildPhase section */

/* Begin PBXGroup section */
		71C301AE27ABB57D00B59E19 = {
			isa = PBXGroup;
			children = (
				71C301BA27ABB57D00B59E19 /* WellthySDK */,
				71C301C627ABB57D00B59E19 /* WellthySDKTests */,
				71C301B927ABB57D00B59E19 /* Products */,
			);
			sourceTree = "<group>";
		};
		71C301B927ABB57D00B59E19 /* Products */ = {
			isa = PBXGroup;
			children = (
				71C301B827ABB57D00B59E19 /* WellthySDK.framework */,
				71C301C227ABB57D00B59E19 /* WellthySDKTests.xctest */,
			);
			name = Products;
			sourceTree = "<group>";
		};
		71C301BA27ABB57D00B59E19 /* WellthySDK */ = {
			isa = PBXGroup;
			children = (
				71C301BB27ABB57D00B59E19 /* WellthySDK.h */,
				71C301BC27ABB57D00B59E19 /* WellthySDK.docc */,
			);
			path = WellthySDK;
			sourceTree = "<group>";
		};
		71C301C627ABB57D00B59E19 /* WellthySDKTests */ = {
			isa = PBXGroup;
			children = (
				71C301C727ABB57D00B59E19 /* WellthySDKTests.swift */,
			);
			path = WellthySDKTests;
			sourceTree = "<group>";
		};
/* End PBXGroup section */

/* Begin PBXHeadersBuildPhase section */
		71C301B327ABB57D00B59E19 /* Headers */ = {
			isa = PBXHeadersBuildPhase;
			buildActionMask = 2147483647;
			files = (
				71C301C927ABB57D00B59E19 /* WellthySDK.h in Headers */,
			);
			runOnlyForDeploymentPostprocessing = 0;
		};
/* End PBXHeadersBuildPhase section */

/* Begin PBXNativeTarget section */
		71C301B727ABB57D00B59E19 /* WellthySDK */ = {
			isa = PBXNativeTarget;
			buildConfigurationList = 71C301CC27ABB57D00B59E19 /* Build configuration list for PBXNativeTarget "WellthySDK" */;
			buildPhases = (
				71C301B327ABB57D00B59E19 /* Headers */,
				71C301B427ABB57D00B59E19 /* Sources */,
				71C301B527ABB57D00B59E19 /* Frameworks */,
				71C301B627ABB57D00B59E19 /* Resources */,
			);
			buildRules = (
			);
			dependencies = (
			);
			name = WellthySDK;
			productName = WellthySDK;
			productReference = 71C301B827ABB57D00B59E19 /* WellthySDK.framework */;
			productType = "com.apple.product-type.framework";
		};
		71C301C127ABB57D00B59E19 /* WellthySDKTests */ = {
			isa = PBXNativeTarget;
			buildConfigurationList = 71C301CF27ABB57D00B59E19 /* Build configuration list for PBXNativeTarget "WellthySDKTests" */;
			buildPhases = (
				71C301BE27ABB57D00B59E19 /* Sources */,
				71C301BF27ABB57D00B59E19 /* Frameworks */,
				71C301C027ABB57D00B59E19 /* Resources */,
			);
			buildRules = (
			);
			dependencies = (
				71C301C527ABB57D00B59E19 /* PBXTargetDependency */,
			);
			name = WellthySDKTests;
			productName = WellthySDKTests;
			productReference = 71C301C227ABB57D00B59E19 /* WellthySDKTests.xctest */;
			productType = "com.apple.product-type.bundle.unit-test";
		};
/* End PBXNativeTarget section */

/* Begin PBXProject section */
		71C301AF27ABB57D00B59E19 /* Project object */ = {
			isa = PBXProject;
			attributes = {
				BuildIndependentTargetsInParallel = 1;
				LastSwiftUpdateCheck = 1320;
				LastUpgradeCheck = 1320;
				TargetAttributes = {
					71C301B727ABB57D00B59E19 = {
						CreatedOnToolsVersion = 13.2.1;
					};
					71C301C127ABB57D00B59E19 = {
						CreatedOnToolsVersion = 13.2.1;
					};
				};
			};
			buildConfigurationList = 71C301B227ABB57D00B59E19 /* Build configuration list for PBXProject "WellthySDK" */;
			compatibilityVersion = "Xcode 13.0";
			developmentRegion = en;
			hasScannedForEncodings = 0;
			knownRegions = (
				en,
				Base,
			);
			mainGroup = 71C301AE27ABB57D00B59E19;
			productRefGroup = 71C301B927ABB57D00B59E19 /* Products */;
			projectDirPath = "";
			projectRoot = "";
			targets = (
				71C301B727ABB57D00B59E19 /* WellthySDK */,
				71C301C127ABB57D00B59E19 /* WellthySDKTests */,
			);
		};
/* End PBXProject section */

/* Begin PBXResourcesBuildPhase section */
		71C301B627ABB57D00B59E19 /* Resources */ = {
			isa = PBXResourcesBuildPhase;
			buildActionMask = 2147483647;
			files = (
			);
			runOnlyForDeploymentPostprocessing = 0;
		};
		71C301C027ABB57D00B59E19 /* Resources */ = {
			isa = PBXResourcesBuildPhase;
			buildActionMask = 2147483647;
			files = (
			);
			runOnlyForDeploymentPostprocessing = 0;
		};
/* End PBXResourcesBuildPhase section */

/* Begin PBXSourcesBuildPhase section */
		71C301B427ABB57D00B59E19 /* Sources */ = {
			isa = PBXSourcesBuildPhase;
			buildActionMask = 2147483647;
			files = (
				71C301BD27ABB57D00B59E19 /* WellthySDK.docc in Sources */,
			);
			runOnlyForDeploymentPostprocessing = 0;
		};
		71C301BE27ABB57D00B59E19 /* Sources */ = {
			isa = PBXSourcesBuildPhase;
			buildActionMask = 2147483647;
			files = (
				71C301C827ABB57D00B59E19 /* WellthySDKTests.swift in Sources */,
			);
			runOnlyForDeploymentPostprocessing = 0;
		};
/* End PBXSourcesBuildPhase section */

/* Begin PBXTargetDependency section */
		71C301C527ABB57D00B59E19 /* PBXTargetDependency */ = {
			isa = PBXTargetDependency;
			target = 71C301B727ABB57D00B59E19 /* WellthySDK */;
			targetProxy = 71C301C427ABB57D00B59E19 /* PBXContainerItemProxy */;
		};
/* End PBXTargetDependency section */

/* Begin XCBuildConfiguration section */
		71C301CA27ABB57D00B59E19 /* Debug */ = {
			isa = XCBuildConfiguration;
			buildSettings = {
				ALWAYS_SEARCH_USER_PATHS = NO;
				CLANG_ANALYZER_NONNULL = YES;
				CLANG_ANALYZER_NUMBER_OBJECT_CONVERSION = YES_AGGRESSIVE;
				CLANG_CXX_LANGUAGE_STANDARD = "gnu++17";
				CLANG_CXX_LIBRARY = "libc++";
				CLANG_ENABLE_MODULES = YES;
				CLANG_ENABLE_OBJC_ARC = YES;
				CLANG_ENABLE_OBJC_WEAK = YES;
				CLANG_WARN_BLOCK_CAPTURE_AUTORELEASING = YES;
				CLANG_WARN_BOOL_CONVERSION = YES;
				CLANG_WARN_COMMA = YES;
				CLANG_WARN_CONSTANT_CONVERSION = YES;
				CLANG_WARN_DEPRECATED_OBJC_IMPLEMENTATIONS = YES;
				CLANG_WARN_DIRECT_OBJC_ISA_USAGE = YES_ERROR;
				CLANG_WARN_DOCUMENTATION_COMMENTS = YES;
				CLANG_WARN_EMPTY_BODY = YES;
				CLANG_WARN_ENUM_CONVERSION = YES;
				CLANG_WARN_INFINITE_RECURSION = YES;
				CLANG_WARN_INT_CONVERSION = YES;
				CLANG_WARN_NON_LITERAL_NULL_CONVERSION = YES;
				CLANG_WARN_OBJC_IMPLICIT_RETAIN_SELF = YES;
				CLANG_WARN_OBJC_LITERAL_CONVERSION = YES;
				CLANG_WARN_OBJC_ROOT_CLASS = YES_ERROR;
				CLANG_WARN_QUOTED_INCLUDE_IN_FRAMEWORK_HEADER = YES;
				CLANG_WARN_RANGE_LOOP_ANALYSIS = YES;
				CLANG_WARN_STRICT_PROTOTYPES = YES;
				CLANG_WARN_SUSPICIOUS_MOVE = YES;
				CLANG_WARN_UNGUARDED_AVAILABILITY = YES_AGGRESSIVE;
				CLANG_WARN_UNREACHABLE_CODE = YES;
				CLANG_WARN__DUPLICATE_METHOD_MATCH = YES;
				COPY_PHASE_STRIP = NO;
				CURRENT_PROJECT_VERSION = 1;
				DEBUG_INFORMATION_FORMAT = dwarf;
				ENABLE_STRICT_OBJC_MSGSEND = YES;
				ENABLE_TESTABILITY = YES;
				GCC_C_LANGUAGE_STANDARD = gnu11;
				GCC_DYNAMIC_NO_PIC = NO;
				GCC_NO_COMMON_BLOCKS = YES;
				GCC_OPTIMIZATION_LEVEL = 0;
				GCC_PREPROCESSOR_DEFINITIONS = (
					"DEBUG=1",
					"$(inherited)",
				);
				GCC_WARN_64_TO_32_BIT_CONVERSION = YES;
				GCC_WARN_ABOUT_RETURN_TYPE = YES_ERROR;
				GCC_WARN_UNDECLARED_SELECTOR = YES;
				GCC_WARN_UNINITIALIZED_AUTOS = YES_AGGRESSIVE;
				GCC_WARN_UNUSED_FUNCTION = YES;
				GCC_WARN_UNUSED_VARIABLE = YES;
				IPHONEOS_DEPLOYMENT_TARGET = 15.2;
				MTL_ENABLE_DEBUG_INFO = INCLUDE_SOURCE;
				MTL_FAST_MATH = YES;
				ONLY_ACTIVE_ARCH = YES;
				SDKROOT = iphoneos;
				SWIFT_ACTIVE_COMPILATION_CONDITIONS = DEBUG;
				SWIFT_OPTIMIZATION_LEVEL = "-Onone";
				VERSIONING_SYSTEM = "apple-generic";
				VERSION_INFO_PREFIX = "";
			};
			name = Debug;
		};
		71C301CB27ABB57D00B59E19 /* Release */ = {
			isa = XCBuildConfiguration;
			buildSettings = {
				ALWAYS_SEARCH_USER_PATHS = NO;
				CLANG_ANALYZER_NONNULL = YES;
				CLANG_ANALYZER_NUMBER_OBJECT_CONVERSION = YES_AGGRESSIVE;
				CLANG_CXX_LANGUAGE_STANDARD = "gnu++17";
				CLANG_CXX_LIBRARY = "libc++";
				CLANG_ENABLE_MODULES = YES;
				CLANG_ENABLE_OBJC_ARC = YES;
				CLANG_ENABLE_OBJC_WEAK = YES;
				CLANG_WARN_BLOCK_CAPTURE_AUTORELEASING = YES;
				CLANG_WARN_BOOL_CONVERSION = YES;
				CLANG_WARN_COMMA = YES;
				CLANG_WARN_CONSTANT_CONVERSION = YES;
				CLANG_WARN_DEPRECATED_OBJC_IMPLEMENTATIONS = YES;
				CLANG_WARN_DIRECT_OBJC_ISA_USAGE = YES_ERROR;
				CLANG_WARN_DOCUMENTATION_COMMENTS = YES;
				CLANG_WARN_EMPTY_BODY = YES;
				CLANG_WARN_ENUM_CONVERSION = YES;
				CLANG_WARN_INFINITE_RECURSION = YES;
				CLANG_WARN_INT_CONVERSION = YES;
				CLANG_WARN_NON_LITERAL_NULL_CONVERSION = YES;
				CLANG_WARN_OBJC_IMPLICIT_RETAIN_SELF = YES;
				CLANG_WARN_OBJC_LITERAL_CONVERSION = YES;
				CLANG_WARN_OBJC_ROOT_CLASS = YES_ERROR;
				CLANG_WARN_QUOTED_INCLUDE_IN_FRAMEWORK_HEADER = YES;
				CLANG_WARN_RANGE_LOOP_ANALYSIS = YES;
				CLANG_WARN_STRICT_PROTOTYPES = YES;
				CLANG_WARN_SUSPICIOUS_MOVE = YES;
				CLANG_WARN_UNGUARDED_AVAILABILITY = YES_AGGRESSIVE;
				CLANG_WARN_UNREACHABLE_CODE = YES;
				CLANG_WARN__DUPLICATE_METHOD_MATCH = YES;
				COPY_PHASE_STRIP = NO;
				CURRENT_PROJECT_VERSION = 1;
				DEBUG_INFORMATION_FORMAT = "dwarf-with-dsym";
				ENABLE_NS_ASSERTIONS = NO;
				ENABLE_STRICT_OBJC_MSGSEND = YES;
				GCC_C_LANGUAGE_STANDARD = gnu11;
				GCC_NO_COMMON_BLOCKS = YES;
				GCC_WARN_64_TO_32_BIT_CONVERSION = YES;
				GCC_WARN_ABOUT_RETURN_TYPE = YES_ERROR;
				GCC_WARN_UNDECLARED_SELECTOR = YES;
				GCC_WARN_UNINITIALIZED_AUTOS = YES_AGGRESSIVE;
				GCC_WARN_UNUSED_FUNCTION = YES;
				GCC_WARN_UNUSED_VARIABLE = YES;
				IPHONEOS_DEPLOYMENT_TARGET = 15.2;
				MTL_ENABLE_DEBUG_INFO = NO;
				MTL_FAST_MATH = YES;
				SDKROOT = iphoneos;
				SWIFT_COMPILATION_MODE = wholemodule;
				SWIFT_OPTIMIZATION_LEVEL = "-O";
				VALIDATE_PRODUCT = YES;
				VERSIONING_SYSTEM = "apple-generic";
				VERSION_INFO_PREFIX = "";
			};
			name = Release;
		};
		71C301CD27ABB57D00B59E19 /* Debug */ = {
			isa = XCBuildConfiguration;
			buildSettings = {
				CODE_SIGN_STYLE = Automatic;
				CURRENT_PROJECT_VERSION = 1;
				DEFINES_MODULE = YES;
				DYLIB_COMPATIBILITY_VERSION = 1;
				DYLIB_CURRENT_VERSION = 1;
				DYLIB_INSTALL_NAME_BASE = "@rpath";
				GENERATE_INFOPLIST_FILE = YES;
				INFOPLIST_KEY_NSHumanReadableCopyright = "";
				INSTALL_PATH = "$(LOCAL_LIBRARY_DIR)/Frameworks";
				LD_RUNPATH_SEARCH_PATHS = (
					"$(inherited)",
					"@executable_path/Frameworks",
					"@loader_path/Frameworks",
				);
				MARKETING_VERSION = 1.0;
				PRODUCT_BUNDLE_IDENTIFIER = com.psp..WellthySDK;
				PRODUCT_NAME = "$(TARGET_NAME:c99extidentifier)";
				SKIP_INSTALL = YES;
				SWIFT_EMIT_LOC_STRINGS = YES;
				SWIFT_VERSION = 5.0;
				TARGETED_DEVICE_FAMILY = "1,2";
			};
			name = Debug;
		};
		71C301CE27ABB57D00B59E19 /* Release */ = {
			isa = XCBuildConfiguration;
			buildSettings = {
				CODE_SIGN_STYLE = Automatic;
				CURRENT_PROJECT_VERSION = 1;
				DEFINES_MODULE = YES;
				DYLIB_COMPATIBILITY_VERSION = 1;
				DYLIB_CURRENT_VERSION = 1;
				DYLIB_INSTALL_NAME_BASE = "@rpath";
				GENERATE_INFOPLIST_FILE = YES;
				INFOPLIST_KEY_NSHumanReadableCopyright = "";
				INSTALL_PATH = "$(LOCAL_LIBRARY_DIR)/Frameworks";
				LD_RUNPATH_SEARCH_PATHS = (
					"$(inherited)",
					"@executable_path/Frameworks",
					"@loader_path/Frameworks",
				);
				MARKETING_VERSION = 1.0;
				PRODUCT_BUNDLE_IDENTIFIER = com.psp..WellthySDK;
				PRODUCT_NAME = "$(TARGET_NAME:c99extidentifier)";
				SKIP_INSTALL = YES;
				SWIFT_EMIT_LOC_STRINGS = YES;
				SWIFT_VERSION = 5.0;
				TARGETED_DEVICE_FAMILY = "1,2";
			};
			name = Release;
		};
		71C301D027ABB57D00B59E19 /* Debug */ = {
			isa = XCBuildConfiguration;
			buildSettings = {
				CODE_SIGN_STYLE = Automatic;
				CURRENT_PROJECT_VERSION = 1;
				GENERATE_INFOPLIST_FILE = YES;
				MARKETING_VERSION = 1.0;
				PRODUCT_BUNDLE_IDENTIFIER = com.psp..WellthySDKTests;
				PRODUCT_NAME = "$(TARGET_NAME)";
				SWIFT_EMIT_LOC_STRINGS = NO;
				SWIFT_VERSION = 5.0;
				TARGETED_DEVICE_FAMILY = "1,2";
			};
			name = Debug;
		};
		71C301D127ABB57D00B59E19 /* Release */ = {
			isa = XCBuildConfiguration;
			buildSettings = {
				CODE_SIGN_STYLE = Automatic;
				CURRENT_PROJECT_VERSION = 1;
				GENERATE_INFOPLIST_FILE = YES;
				MARKETING_VERSION = 1.0;
				PRODUCT_BUNDLE_IDENTIFIER = com.psp..WellthySDKTests;
				PRODUCT_NAME = "$(TARGET_NAME)";
				SWIFT_EMIT_LOC_STRINGS = NO;
				SWIFT_VERSION = 5.0;
				TARGETED_DEVICE_FAMILY = "1,2";
			};
			name = Release;
		};
/* End XCBuildConfiguration section */

/* Begin XCConfigurationList section */
		71C301B227ABB57D00B59E19 /* Build configuration list for PBXProject "WellthySDK" */ = {
			isa = XCConfigurationList;
			buildConfigurations = (
				71C301CA27ABB57D00B59E19 /* Debug */,
				71C301CB27ABB57D00B59E19 /* Release */,
			);
			defaultConfigurationIsVisible = 0;
			defaultConfigurationName = Release;
		};
		71C301CC27ABB57D00B59E19 /* Build configuration list for PBXNativeTarget "WellthySDK" */ = {
			isa = XCConfigurationList;
			buildConfigurations = (
				71C301CD27ABB57D00B59E19 /* Debug */,
				71C301CE27ABB57D00B59E19 /* Release */,
			);
			defaultConfigurationIsVisible = 0;
			defaultConfigurationName = Release;
		};
		71C301CF27ABB57D00B59E19 /* Build configuration list for PBXNativeTarget "WellthySDKTests" */ = {
			isa = XCConfigurationList;
			buildConfigurations = (
				71C301D027ABB57D00B59E19 /* Debug */,
				71C301D127ABB57D00B59E19 /* Release */,
			);
			defaultConfigurationIsVisible = 0;
			defaultConfigurationName = Release;
		};
/* End XCConfigurationList section */
	};
	rootObject = 71C301AF27ABB57D00B59E19 /* Project object */;
}
